
Microsoft Visual Studio Solution File, Format Version 12.00
# Visual Studio Version 16
VisualStudioVersion = 16.0.30002.166
MinimumVisualStudioVersion = 10.0.40219.1
Project("{FAE04EC0-301F-11D3-BF4B-00C04F79EFBC}") = "Lab bonus 13", "Lab bonus 13.csproj", "{70804B99-DEFA-4E03-B77B-0B5890AF81BA}"
EndProject
Global
	GlobalSection(SolutionConfigurationPlatforms) = preSolution
		Debug|Any CPU = Debug|Any CPU
		Release|Any CPU = Release|Any CPU
	EndGlobalSection
	GlobalSection(ProjectConfigurationPlatforms) = postSolution
		{70804B99-DEFA-4E03-B77B-0B5890AF81BA}.Debug|Any CPU.ActiveCfg = Debug|Any CPU
		{70804B99-DEFA-4E03-B77B-0B5890AF81BA}.Debug|Any CPU.Build.0 = Debug|Any CPU
		{70804B99-DEFA-4E03-B77B-0B5890AF81BA}.Release|Any CPU.ActiveCfg = Release|Any CPU
		{70804B99-DEFA-4E03-B77B-0B5890AF81BA}.Release|Any CPU.Build.0 = Release|Any CPU
	EndGlobalSection
	GlobalSection(SolutionProperties) = preSolution
		HideSolutionNode = FALSE
	EndGlobalSection
	GlobalSection(ExtensibilityGlobals) = postSolution
		SolutionGuid = {C1963D0C-951F-4212-BF67-A29DBDF3F6E4}
	EndGlobalSection
EndGlobal
